// !$*UTF8*$!
{
	archiveVersion = 1;
	classes = {
	};
	objectVersion = 50;
	objects = {

/* Begin PBXBuildFile section */
		6889AA05261627A30026E8A4 /* MapView.swift in Sources */ = {isa = PBXBuildFile; fileRef = 6889AA04261627A30026E8A4 /* MapView.swift */; };
		6889AA1D26162B9B0026E8A4 /* LocationManager.swift in Sources */ = {isa = PBXBuildFile; fileRef = 6889AA1C26162B9B0026E8A4 /* LocationManager.swift */; };
		6889AA2426162CCE0026E8A4 /* BridgeAnnotationView.swift in Sources */ = {isa = PBXBuildFile; fileRef = 6889AA2326162CCE0026E8A4 /* BridgeAnnotationView.swift */; };
		6889AA2C26162CFE0026E8A4 /* FerryAnnotationView.swift in Sources */ = {isa = PBXBuildFile; fileRef = 6889AA2B26162CFE0026E8A4 /* FerryAnnotationView.swift */; };
		68F5329D26274844007D6B89 /* StopAnnotation.swift in Sources */ = {isa = PBXBuildFile; fileRef = 68F5329C26274844007D6B89 /* StopAnnotation.swift */; };
		68F532A226274888007D6B89 /* UserAnnotation.swift in Sources */ = {isa = PBXBuildFile; fileRef = 68F532A126274888007D6B89 /* UserAnnotation.swift */; };
		68F7AC1A261626FF00708DDF /* ExpCustomMapAnnotationsApp.swift in Sources */ = {isa = PBXBuildFile; fileRef = 68F7AC19261626FF00708DDF /* ExpCustomMapAnnotationsApp.swift */; };
		68F7AC1C261626FF00708DDF /* ContentView.swift in Sources */ = {isa = PBXBuildFile; fileRef = 68F7AC1B261626FF00708DDF /* ContentView.swift */; };
		68F7AC1E2616270200708DDF /* Assets.xcassets in Resources */ = {isa = PBXBuildFile; fileRef = 68F7AC1D2616270200708DDF /* Assets.xcassets */; };
		68F7AC212616270200708DDF /* Preview Assets.xcassets in Resources */ = {isa = PBXBuildFile; fileRef = 68F7AC202616270200708DDF /* Preview Assets.xcassets */; };
		68F7AC2C2616270200708DDF /* ExpCustomMapAnnotationsTests.swift in Sources */ = {isa = PBXBuildFile; fileRef = 68F7AC2B2616270200708DDF /* ExpCustomMapAnnotationsTests.swift */; };
		68F7AC372616270200708DDF /* ExpCustomMapAnnotationsUITests.swift in Sources */ = {isa = PBXBuildFile; fileRef = 68F7AC362616270200708DDF /* ExpCustomMapAnnotationsUITests.swift */; };
/* End PBXBuildFile section */

/* Begin PBXContainerItemProxy section */
		68F7AC282616270200708DDF /* PBXContainerItemProxy */ = {
			isa = PBXContainerItemProxy;
			containerPortal = 68F7AC0E261626FF00708DDF /* Project object */;
			proxyType = 1;
			remoteGlobalIDString = 68F7AC15261626FF00708DDF;
			remoteInfo = ExpCustomMapAnnotations;
		};
		68F7AC332616270200708DDF /* PBXContainerItemProxy */ = {
			isa = PBXContainerItemProxy;
			containerPortal = 68F7AC0E261626FF00708DDF /* Project object */;
			proxyType = 1;
			remoteGlobalIDString = 68F7AC15261626FF00708DDF;
			remoteInfo = ExpCustomMapAnnotations;
		};
/* End PBXContainerItemProxy section */

/* Begin PBXFileReference section */
		6889AA04261627A30026E8A4 /* MapView.swift */ = {isa = PBXFileReference; lastKnownFileType = sourcecode.swift; path = MapView.swift; sourceTree = "<group>"; };
		6889AA1C26162B9B0026E8A4 /* LocationManager.swift */ = {isa = PBXFileReference; lastKnownFileType = sourcecode.swift; path = LocationManager.swift; sourceTree = "<group>"; };
		6889AA2326162CCE0026E8A4 /* BridgeAnnotationView.swift */ = {isa = PBXFileReference; lastKnownFileType = sourcecode.swift; path = BridgeAnnotationView.swift; sourceTree = "<group>"; };
		6889AA2B26162CFE0026E8A4 /* FerryAnnotationView.swift */ = {isa = PBXFileReference; lastKnownFileType = sourcecode.swift; path = FerryAnnotationView.swift; sourceTree = "<group>"; };
		68F5329C26274844007D6B89 /* StopAnnotation.swift */ = {isa = PBXFileReference; lastKnownFileType = sourcecode.swift; path = StopAnnotation.swift; sourceTree = "<group>"; };
		68F532A126274888007D6B89 /* UserAnnotation.swift */ = {isa = PBXFileReference; lastKnownFileType = sourcecode.swift; path = UserAnnotation.swift; sourceTree = "<group>"; };
		68F7AC16261626FF00708DDF /* ExpCustomMapAnnotations.app */ = {isa = PBXFileReference; explicitFileType = wrapper.application; includeInIndex = 0; path = ExpCustomMapAnnotations.app; sourceTree = BUILT_PRODUCTS_DIR; };
		68F7AC19261626FF00708DDF /* ExpCustomMapAnnotationsApp.swift */ = {isa = PBXFileReference; lastKnownFileType = sourcecode.swift; path = ExpCustomMapAnnotationsApp.swift; sourceTree = "<group>"; };
		68F7AC1B261626FF00708DDF /* ContentView.swift */ = {isa = PBXFileReference; lastKnownFileType = sourcecode.swift; path = ContentView.swift; sourceTree = "<group>"; };
		68F7AC1D2616270200708DDF /* Assets.xcassets */ = {isa = PBXFileReference; lastKnownFileType = folder.assetcatalog; path = Assets.xcassets; sourceTree = "<group>"; };
		68F7AC202616270200708DDF /* Preview Assets.xcassets */ = {isa = PBXFileReference; lastKnownFileType = folder.assetcatalog; path = "Preview Assets.xcassets"; sourceTree = "<group>"; };
		68F7AC222616270200708DDF /* Info.plist */ = {isa = PBXFileReference; lastKnownFileType = text.plist.xml; path = Info.plist; sourceTree = "<group>"; };
		68F7AC272616270200708DDF /* ExpCustomMapAnnotationsTests.xctest */ = {isa = PBXFileReference; explicitFileType = wrapper.cfbundle; includeInIndex = 0; path = ExpCustomMapAnnotationsTests.xctest; sourceTree = BUILT_PRODUCTS_DIR; };
		68F7AC2B2616270200708DDF /* ExpCustomMapAnnotationsTests.swift */ = {isa = PBXFileReference; lastKnownFileType = sourcecode.swift; path = ExpCustomMapAnnotationsTests.swift; sourceTree = "<group>"; };
		68F7AC2D2616270200708DDF /* Info.plist */ = {isa = PBXFileReference; lastKnownFileType = text.plist.xml; path = Info.plist; sourceTree = "<group>"; };
		68F7AC322616270200708DDF /* ExpCustomMapAnnotationsUITests.xctest */ = {isa = PBXFileReference; explicitFileType = wrapper.cfbundle; includeInIndex = 0; path = ExpCustomMapAnnotationsUITests.xctest; sourceTree = BUILT_PRODUCTS_DIR; };
		68F7AC362616270200708DDF /* ExpCustomMapAnnotationsUITests.swift */ = {isa = PBXFileReference; lastKnownFileType = sourcecode.swift; path = ExpCustomMapAnnotationsUITests.swift; sourceTree = "<group>"; };
		68F7AC382616270200708DDF /* Info.plist */ = {isa = PBXFileReference; lastKnownFileType = text.plist.xml; path = Info.plist; sourceTree = "<group>"; };
/* End PBXFileReference section */

/* Begin PBXFrameworksBuildPhase section */
		68F7AC13261626FF00708DDF /* Frameworks */ = {
			isa = PBXFrameworksBuildPhase;
			buildActionMask = 2147483647;
			files = (
			);
			runOnlyForDeploymentPostprocessing = 0;
		};
		68F7AC242616270200708DDF /* Frameworks */ = {
			isa = PBXFrameworksBuildPhase;
			buildActionMask = 2147483647;
			files = (
			);
			runOnlyForDeploymentPostprocessing = 0;
		};
		68F7AC2F2616270200708DDF /* Frameworks */ = {
			isa = PBXFrameworksBuildPhase;
			buildActionMask = 2147483647;
			files = (
			);
			runOnlyForDeploymentPostprocessing = 0;
		};
/* End PBXFrameworksBuildPhase section */

/* Begin PBXGroup section */
		6889AA2226162CBE0026E8A4 /* AnnotationViews */ = {
			isa = PBXGroup;
			children = (
				6889AA2326162CCE0026E8A4 /* BridgeAnnotationView.swift */,
				6889AA2B26162CFE0026E8A4 /* FerryAnnotationView.swift */,
			);
			path = AnnotationViews;
			sourceTree = "<group>";
		};
		68F7AC0D261626FF00708DDF = {
			isa = PBXGroup;
			children = (
				68F7AC18261626FF00708DDF /* ExpCustomMapAnnotations */,
				68F7AC2A2616270200708DDF /* ExpCustomMapAnnotationsTests */,
				68F7AC352616270200708DDF /* ExpCustomMapAnnotationsUITests */,
				68F7AC17261626FF00708DDF /* Products */,
			);
			sourceTree = "<group>";
		};
		68F7AC17261626FF00708DDF /* Products */ = {
			isa = PBXGroup;
			children = (
				68F7AC16261626FF00708DDF /* ExpCustomMapAnnotations.app */,
				68F7AC272616270200708DDF /* ExpCustomMapAnnotationsTests.xctest */,
				68F7AC322616270200708DDF /* ExpCustomMapAnnotationsUITests.xctest */,
			);
			name = Products;
			sourceTree = "<group>";
		};
		68F7AC18261626FF00708DDF /* ExpCustomMapAnnotations */ = {
			isa = PBXGroup;
			children = (
				68F7AC19261626FF00708DDF /* ExpCustomMapAnnotationsApp.swift */,
				68F7AC1B261626FF00708DDF /* ContentView.swift */,
				6889AA2226162CBE0026E8A4 /* AnnotationViews */,
				6889AA1C26162B9B0026E8A4 /* LocationManager.swift */,
				6889AA04261627A30026E8A4 /* MapView.swift */,
				68F532A126274888007D6B89 /* UserAnnotation.swift */,
				68F5329C26274844007D6B89 /* StopAnnotation.swift */,
				68F7AC1D2616270200708DDF /* Assets.xcassets */,
				68F7AC222616270200708DDF /* Info.plist */,
				68F7AC1F2616270200708DDF /* Preview Content */,
			);
			path = ExpCustomMapAnnotations;
			sourceTree = "<group>";
		};
		68F7AC1F2616270200708DDF /* Preview Content */ = {
			isa = PBXGroup;
			children = (
				68F7AC202616270200708DDF /* Preview Assets.xcassets */,
			);
			path = "Preview Content";
			sourceTree = "<group>";
		};
		68F7AC2A2616270200708DDF /* ExpCustomMapAnnotationsTests */ = {
			isa = PBXGroup;
			children = (
				68F7AC2B2616270200708DDF /* ExpCustomMapAnnotationsTests.swift */,
				68F7AC2D2616270200708DDF /* Info.plist */,
			);
			path = ExpCustomMapAnnotationsTests;
			sourceTree = "<group>";
		};
		68F7AC352616270200708DDF /* ExpCustomMapAnnotationsUITests */ = {
			isa = PBXGroup;
			children = (
				68F7AC362616270200708DDF /* ExpCustomMapAnnotationsUITests.swift */,
				68F7AC382616270200708DDF /* Info.plist */,
			);
			path = ExpCustomMapAnnotationsUITests;
			sourceTree = "<group>";
		};
/* End PBXGroup section */

/* Begin PBXNativeTarget section */
		68F7AC15261626FF00708DDF /* ExpCustomMapAnnotations */ = {
			isa = PBXNativeTarget;
			buildConfigurationList = 68F7AC3B2616270200708DDF /* Build configuration list for PBXNativeTarget "ExpCustomMapAnnotations" */;
			buildPhases = (
				68F7AC12261626FF00708DDF /* Sources */,
				68F7AC13261626FF00708DDF /* Frameworks */,
				68F7AC14261626FF00708DDF /* Resources */,
			);
			buildRules = (
			);
			dependencies = (
			);
			name = ExpCustomMapAnnotations;
			productName = ExpCustomMapAnnotations;
			productReference = 68F7AC16261626FF00708DDF /* ExpCustomMapAnnotations.app */;
			productType = "com.apple.product-type.application";
		};
		68F7AC262616270200708DDF /* ExpCustomMapAnnotationsTests */ = {
			isa = PBXNativeTarget;
			buildConfigurationList = 68F7AC3E2616270200708DDF /* Build configuration list for PBXNativeTarget "ExpCustomMapAnnotationsTests" */;
			buildPhases = (
				68F7AC232616270200708DDF /* Sources */,
				68F7AC242616270200708DDF /* Frameworks */,
				68F7AC252616270200708DDF /* Resources */,
			);
			buildRules = (
			);
			dependencies = (
				68F7AC292616270200708DDF /* PBXTargetDependency */,
			);
			name = ExpCustomMapAnnotationsTests;
			productName = ExpCustomMapAnnotationsTests;
			productReference = 68F7AC272616270200708DDF /* ExpCustomMapAnnotationsTests.xctest */;
			productType = "com.apple.product-type.bundle.unit-test";
		};
		68F7AC312616270200708DDF /* ExpCustomMapAnnotationsUITests */ = {
			isa = PBXNativeTarget;
			buildConfigurationList = 68F7AC412616270200708DDF /* Build configuration list for PBXNativeTarget "ExpCustomMapAnnotationsUITests" */;
			buildPhases = (
				68F7AC2E2616270200708DDF /* Sources */,
				68F7AC2F2616270200708DDF /* Frameworks */,
				68F7AC302616270200708DDF /* Resources */,
			);
			buildRules = (
			);
			dependencies = (
				68F7AC342616270200708DDF /* PBXTargetDependency */,
			);
			name = ExpCustomMapAnnotationsUITests;
			productName = ExpCustomMapAnnotationsUITests;
			productReference = 68F7AC322616270200708DDF /* ExpCustomMapAnnotationsUITests.xctest */;
			productType = "com.apple.product-type.bundle.ui-testing";
		};
/* End PBXNativeTarget section */

/* Begin PBXProject section */
		68F7AC0E261626FF00708DDF /* Project object */ = {
			isa = PBXProject;
			attributes = {
				LastSwiftUpdateCheck = 1240;
				LastUpgradeCheck = 1240;
				TargetAttributes = {
					68F7AC15261626FF00708DDF = {
						CreatedOnToolsVersion = 12.4;
					};
					68F7AC262616270200708DDF = {
						CreatedOnToolsVersion = 12.4;
						TestTargetID = 68F7AC15261626FF00708DDF;
					};
					68F7AC312616270200708DDF = {
						CreatedOnToolsVersion = 12.4;
						TestTargetID = 68F7AC15261626FF00708DDF;
					};
				};
			};
			buildConfigurationList = 68F7AC11261626FF00708DDF /* Build configuration list for PBXProject "ExpCustomMapAnnotations" */;
			compatibilityVersion = "Xcode 9.3";
			developmentRegion = en;
			hasScannedForEncodings = 0;
			knownRegions = (
				en,
				Base,
			);
			mainGroup = 68F7AC0D261626FF00708DDF;
			productRefGroup = 68F7AC17261626FF00708DDF /* Products */;
			projectDirPath = "";
			projectRoot = "";
			targets = (
				68F7AC15261626FF00708DDF /* ExpCustomMapAnnotations */,
				68F7AC262616270200708DDF /* ExpCustomMapAnnotationsTests */,
				68F7AC312616270200708DDF /* ExpCustomMapAnnotationsUITests */,
			);
		};
/* End PBXProject section */

/* Begin PBXResourcesBuildPhase section */
		68F7AC14261626FF00708DDF /* Resources */ = {
			isa = PBXResourcesBuildPhase;
			buildActionMask = 2147483647;
			files = (
				68F7AC212616270200708DDF /* Preview Assets.xcassets in Resources */,
				68F7AC1E2616270200708DDF /* Assets.xcassets in Resources */,
			);
			runOnlyForDeploymentPostprocessing = 0;
		};
		68F7AC252616270200708DDF /* Resources */ = {
			isa = PBXResourcesBuildPhase;
			buildActionMask = 2147483647;
			files = (
			);
			runOnlyForDeploymentPostprocessing = 0;
		};
		68F7AC302616270200708DDF /* Resources */ = {
			isa = PBXResourcesBuildPhase;
			buildActionMask = 2147483647;
			files = (
			);
			runOnlyForDeploymentPostprocessing = 0;
		};
/* End PBXResourcesBuildPhase section */

/* Begin PBXSourcesBuildPhase section */
		68F7AC12261626FF00708DDF /* Sources */ = {
			isa = PBXSourcesBuildPhase;
			buildActionMask = 2147483647;
			files = (
				68F5329D26274844007D6B89 /* StopAnnotation.swift in Sources */,
				68F7AC1C261626FF00708DDF /* ContentView.swift in Sources */,
				6889AA2C26162CFE0026E8A4 /* FerryAnnotationView.swift in Sources */,
				68F532A226274888007D6B89 /* UserAnnotation.swift in Sources */,
				6889AA05261627A30026E8A4 /* MapView.swift in Sources */,
				6889AA1D26162B9B0026E8A4 /* LocationManager.swift in Sources */,
				68F7AC1A261626FF00708DDF /* ExpCustomMapAnnotationsApp.swift in Sources */,
				6889AA2426162CCE0026E8A4 /* BridgeAnnotationView.swift in Sources */,
			);
			runOnlyForDeploymentPostprocessing = 0;
		};
		68F7AC232616270200708DDF /* Sources */ = {
			isa = PBXSourcesBuildPhase;
			buildActionMask = 2147483647;
			files = (
				68F7AC2C2616270200708DDF /* ExpCustomMapAnnotationsTests.swift in Sources */,
			);
			runOnlyForDeploymentPostprocessing = 0;
		};
		68F7AC2E2616270200708DDF /* Sources */ = {
			isa = PBXSourcesBuildPhase;
			buildActionMask = 2147483647;
			files = (
				68F7AC372616270200708DDF /* ExpCustomMapAnnotationsUITests.swift in Sources */,
			);
			runOnlyForDeploymentPostprocessing = 0;
		};
/* End PBXSourcesBuildPhase section */

/* Begin PBXTargetDependency section */
		68F7AC292616270200708DDF /* PBXTargetDependency */ = {
			isa = PBXTargetDependency;
			target = 68F7AC15261626FF00708DDF /* ExpCustomMapAnnotations */;
			targetProxy = 68F7AC282616270200708DDF /* PBXContainerItemProxy */;
		};
		68F7AC342616270200708DDF /* PBXTargetDependency */ = {
			isa = PBXTargetDependency;
			target = 68F7AC15261626FF00708DDF /* ExpCustomMapAnnotations */;
			targetProxy = 68F7AC332616270200708DDF /* PBXContainerItemProxy */;
		};
/* End PBXTargetDependency section */

/* Begin XCBuildConfiguration section */
		68F7AC392616270200708DDF /* Debug */ = {
			isa = XCBuildConfiguration;
			buildSettings = {
				ALWAYS_SEARCH_USER_PATHS = NO;
				CLANG_ANALYZER_NONNULL = YES;
				CLANG_ANALYZER_NUMBER_OBJECT_CONVERSION = YES_AGGRESSIVE;
				CLANG_CXX_LANGUAGE_STANDARD = "gnu++14";
				CLANG_CXX_LIBRARY = "libc++";
				CLANG_ENABLE_MODULES = YES;
				CLANG_ENABLE_OBJC_ARC = YES;
				CLANG_ENABLE_OBJC_WEAK = YES;
				CLANG_WARN_BLOCK_CAPTURE_AUTORELEASING = YES;
				CLANG_WARN_BOOL_CONVERSION = YES;
				CLANG_WARN_COMMA = YES;
				CLANG_WARN_CONSTANT_CONVERSION = YES;
				CLANG_WARN_DEPRECATED_OBJC_IMPLEMENTATIONS = YES;
				CLANG_WARN_DIRECT_OBJC_ISA_USAGE = YES_ERROR;
				CLANG_WARN_DOCUMENTATION_COMMENTS = YES;
				CLANG_WARN_EMPTY_BODY = YES;
				CLANG_WARN_ENUM_CONVERSION = YES;
				CLANG_WARN_INFINITE_RECURSION = YES;
				CLANG_WARN_INT_CONVERSION = YES;
				CLANG_WARN_NON_LITERAL_NULL_CONVERSION = YES;
				CLANG_WARN_OBJC_IMPLICIT_RETAIN_SELF = YES;
				CLANG_WARN_OBJC_LITERAL_CONVERSION = YES;
				CLANG_WARN_OBJC_ROOT_CLASS = YES_ERROR;
				CLANG_WARN_QUOTED_INCLUDE_IN_FRAMEWORK_HEADER = YES;
				CLANG_WARN_RANGE_LOOP_ANALYSIS = YES;
				CLANG_WARN_STRICT_PROTOTYPES = YES;
				CLANG_WARN_SUSPICIOUS_MOVE = YES;
				CLANG_WARN_UNGUARDED_AVAILABILITY = YES_AGGRESSIVE;
				CLANG_WARN_UNREACHABLE_CODE = YES;
				CLANG_WARN__DUPLICATE_METHOD_MATCH = YES;
				COPY_PHASE_STRIP = NO;
				DEBUG_INFORMATION_FORMAT = dwarf;
				ENABLE_STRICT_OBJC_MSGSEND = YES;
				ENABLE_TESTABILITY = YES;
				GCC_C_LANGUAGE_STANDARD = gnu11;
				GCC_DYNAMIC_NO_PIC = NO;
				GCC_NO_COMMON_BLOCKS = YES;
				GCC_OPTIMIZATION_LEVEL = 0;
				GCC_PREPROCESSOR_DEFINITIONS = (
					"DEBUG=1",
					"$(inherited)",
				);
				GCC_WARN_64_TO_32_BIT_CONVERSION = YES;
				GCC_WARN_ABOUT_RETURN_TYPE = YES_ERROR;
				GCC_WARN_UNDECLARED_SELECTOR = YES;
				GCC_WARN_UNINITIALIZED_AUTOS = YES_AGGRESSIVE;
				GCC_WARN_UNUSED_FUNCTION = YES;
				GCC_WARN_UNUSED_VARIABLE = YES;
				IPHONEOS_DEPLOYMENT_TARGET = 14.4;
				MTL_ENABLE_DEBUG_INFO = INCLUDE_SOURCE;
				MTL_FAST_MATH = YES;
				ONLY_ACTIVE_ARCH = YES;
				SDKROOT = iphoneos;
				SWIFT_ACTIVE_COMPILATION_CONDITIONS = DEBUG;
				SWIFT_OPTIMIZATION_LEVEL = "-Onone";
			};
			name = Debug;
		};
		68F7AC3A2616270200708DDF /* Release */ = {
			isa = XCBuildConfiguration;
			buildSettings = {
				ALWAYS_SEARCH_USER_PATHS = NO;
				CLANG_ANALYZER_NONNULL = YES;
				CLANG_ANALYZER_NUMBER_OBJECT_CONVERSION = YES_AGGRESSIVE;
				CLANG_CXX_LANGUAGE_STANDARD = "gnu++14";
				CLANG_CXX_LIBRARY = "libc++";
				CLANG_ENABLE_MODULES = YES;
				CLANG_ENABLE_OBJC_ARC = YES;
				CLANG_ENABLE_OBJC_WEAK = YES;
				CLANG_WARN_BLOCK_CAPTURE_AUTORELEASING = YES;
				CLANG_WARN_BOOL_CONVERSION = YES;
				CLANG_WARN_COMMA = YES;
				CLANG_WARN_CONSTANT_CONVERSION = YES;
				CLANG_WARN_DEPRECATED_OBJC_IMPLEMENTATIONS = YES;
				CLANG_WARN_DIRECT_OBJC_ISA_USAGE = YES_ERROR;
				CLANG_WARN_DOCUMENTATION_COMMENTS = YES;
				CLANG_WARN_EMPTY_BODY = YES;
				CLANG_WARN_ENUM_CONVERSION = YES;
				CLANG_WARN_INFINITE_RECURSION = YES;
				CLANG_WARN_INT_CONVERSION = YES;
				CLANG_WARN_NON_LITERAL_NULL_CONVERSION = YES;
				CLANG_WARN_OBJC_IMPLICIT_RETAIN_SELF = YES;
				CLANG_WARN_OBJC_LITERAL_CONVERSION = YES;
				CLANG_WARN_OBJC_ROOT_CLASS = YES_ERROR;
				CLANG_WARN_QUOTED_INCLUDE_IN_FRAMEWORK_HEADER = YES;
				CLANG_WARN_RANGE_LOOP_ANALYSIS = YES;
				CLANG_WARN_STRICT_PROTOTYPES = YES;
				CLANG_WARN_SUSPICIOUS_MOVE = YES;
				CLANG_WARN_UNGUARDED_AVAILABILITY = YES_AGGRESSIVE;
				CLANG_WARN_UNREACHABLE_CODE = YES;
				CLANG_WARN__DUPLICATE_METHOD_MATCH = YES;
				COPY_PHASE_STRIP = NO;
				DEBUG_INFORMATION_FORMAT = "dwarf-with-dsym";
				ENABLE_NS_ASSERTIONS = NO;
				ENABLE_STRICT_OBJC_MSGSEND = YES;
				GCC_C_LANGUAGE_STANDARD = gnu11;
				GCC_NO_COMMON_BLOCKS = YES;
				GCC_WARN_64_TO_32_BIT_CONVERSION = YES;
				GCC_WARN_ABOUT_RETURN_TYPE = YES_ERROR;
				GCC_WARN_UNDECLARED_SELECTOR = YES;
				GCC_WARN_UNINITIALIZED_AUTOS = YES_AGGRESSIVE;
				GCC_WARN_UNUSED_FUNCTION = YES;
				GCC_WARN_UNUSED_VARIABLE = YES;
				IPHONEOS_DEPLOYMENT_TARGET = 14.4;
				MTL_ENABLE_DEBUG_INFO = NO;
				MTL_FAST_MATH = YES;
				SDKROOT = iphoneos;
				SWIFT_COMPILATION_MODE = wholemodule;
				SWIFT_OPTIMIZATION_LEVEL = "-O";
				VALIDATE_PRODUCT = YES;
			};
			name = Release;
		};
		68F7AC3C2616270200708DDF /* Debug */ = {
			isa = XCBuildConfiguration;
			buildSettings = {
				ASSETCATALOG_COMPILER_APPICON_NAME = AppIcon;
				ASSETCATALOG_COMPILER_GLOBAL_ACCENT_COLOR_NAME = AccentColor;
				CODE_SIGN_STYLE = Automatic;
				DEVELOPMENT_ASSET_PATHS = "\"ExpCustomMapAnnotations/Preview Content\"";
				DEVELOPMENT_TEAM = 3JMZLMZVTS;
				ENABLE_PREVIEWS = YES;
				INFOPLIST_FILE = ExpCustomMapAnnotations/Info.plist;
				IPHONEOS_DEPLOYMENT_TARGET = 14.0;
				LD_RUNPATH_SEARCH_PATHS = (
					"$(inherited)",
					"@executable_path/Frameworks",
				);
				PRODUCT_BUNDLE_IDENTIFIER = com.lmunck.ExpCustomMapAnnotations;
				PRODUCT_NAME = "$(TARGET_NAME)";
				SWIFT_VERSION = 5.0;
				TARGETED_DEVICE_FAMILY = "1,2";
			};
			name = Debug;
		};
		68F7AC3D2616270200708DDF /* Release */ = {
			isa = XCBuildConfiguration;
			buildSettings = {
				ASSETCATALOG_COMPILER_APPICON_NAME = AppIcon;
				ASSETCATALOG_COMPILER_GLOBAL_ACCENT_COLOR_NAME = AccentColor;
				CODE_SIGN_STYLE = Automatic;
				DEVELOPMENT_ASSET_PATHS = "\"ExpCustomMapAnnotations/Preview Content\"";
				DEVELOPMENT_TEAM = 3JMZLMZVTS;
				ENABLE_PREVIEWS = YES;
				INFOPLIST_FILE = ExpCustomMapAnnotations/Info.plist;
				IPHONEOS_DEPLOYMENT_TARGET = 14.0;
				LD_RUNPATH_SEARCH_PATHS = (
					"$(inherited)",
					"@executable_path/Frameworks",
				);
				PRODUCT_BUNDLE_IDENTIFIER = com.lmunck.ExpCustomMapAnnotations;
				PRODUCT_NAME = "$(TARGET_NAME)";
				SWIFT_VERSION = 5.0;
				TARGETED_DEVICE_FAMILY = "1,2";
			};
			name = Release;
		};
		68F7AC3F2616270200708DDF /* Debug */ = {
			isa = XCBuildConfiguration;
			buildSettings = {
				ALWAYS_EMBED_SWIFT_STANDARD_LIBRARIES = YES;
				BUNDLE_LOADER = "$(TEST_HOST)";
				CODE_SIGN_STYLE = Automatic;
				DEVELOPMENT_TEAM = 3JMZLMZVTS;
				INFOPLIST_FILE = ExpCustomMapAnnotationsTests/Info.plist;
				IPHONEOS_DEPLOYMENT_TARGET = 14.0;
				LD_RUNPATH_SEARCH_PATHS = (
					"$(inherited)",
					"@executable_path/Frameworks",
					"@loader_path/Frameworks",
				);
				PRODUCT_BUNDLE_IDENTIFIER = com.lmunck.ExpCustomMapAnnotationsTests;
				PRODUCT_NAME = "$(TARGET_NAME)";
				SWIFT_VERSION = 5.0;
				TARGETED_DEVICE_FAMILY = "1,2";
				TEST_HOST = "$(BUILT_PRODUCTS_DIR)/ExpCustomMapAnnotations.app/ExpCustomMapAnnotations";
			};
			name = Debug;
		};
		68F7AC402616270200708DDF /* Release */ = {
			isa = XCBuildConfiguration;
			buildSettings = {
				ALWAYS_EMBED_SWIFT_STANDARD_LIBRARIES = YES;
				BUNDLE_LOADER = "$(TEST_HOST)";
				CODE_SIGN_STYLE = Automatic;
				DEVELOPMENT_TEAM = 3JMZLMZVTS;
				INFOPLIST_FILE = ExpCustomMapAnnotationsTests/Info.plist;
				IPHONEOS_DEPLOYMENT_TARGET = 14.0;
				LD_RUNPATH_SEARCH_PATHS = (
					"$(inherited)",
					"@executable_path/Frameworks",
					"@loader_path/Frameworks",
				);
				PRODUCT_BUNDLE_IDENTIFIER = com.lmunck.ExpCustomMapAnnotationsTests;
				PRODUCT_NAME = "$(TARGET_NAME)";
				SWIFT_VERSION = 5.0;
				TARGETED_DEVICE_FAMILY = "1,2";
				TEST_HOST = "$(BUILT_PRODUCTS_DIR)/ExpCustomMapAnnotations.app/ExpCustomMapAnnotations";
			};
			name = Release;
		};
		68F7AC422616270200708DDF /* Debug */ = {
			isa = XCBuildConfiguration;
			buildSettings = {
				ALWAYS_EMBED_SWIFT_STANDARD_LIBRARIES = YES;
				CODE_SIGN_STYLE = Automatic;
				DEVELOPMENT_TEAM = 3JMZLMZVTS;
				INFOPLIST_FILE = ExpCustomMapAnnotationsUITests/Info.plist;
				LD_RUNPATH_SEARCH_PATHS = (
					"$(inherited)",
					"@executable_path/Frameworks",
					"@loader_path/Frameworks",
				);
				PRODUCT_BUNDLE_IDENTIFIER = com.lmunck.ExpCustomMapAnnotationsUITests;
				PRODUCT_NAME = "$(TARGET_NAME)";
				SWIFT_VERSION = 5.0;
				TARGETED_DEVICE_FAMILY = "1,2";
				TEST_TARGET_NAME = ExpCustomMapAnnotations;
			};
			name = Debug;
		};
		68F7AC432616270200708DDF /* Release */ = {
			isa = XCBuildConfiguration;
			buildSettings = {
				ALWAYS_EMBED_SWIFT_STANDARD_LIBRARIES = YES;
				CODE_SIGN_STYLE = Automatic;
				DEVELOPMENT_TEAM = 3JMZLMZVTS;
				INFOPLIST_FILE = ExpCustomMapAnnotationsUITests/Info.plist;
				LD_RUNPATH_SEARCH_PATHS = (
					"$(inherited)",
					"@executable_path/Frameworks",
					"@loader_path/Frameworks",
				);
				PRODUCT_BUNDLE_IDENTIFIER = com.lmunck.ExpCustomMapAnnotationsUITests;
				PRODUCT_NAME = "$(TARGET_NAME)";
				SWIFT_VERSION = 5.0;
				TARGETED_DEVICE_FAMILY = "1,2";
				TEST_TARGET_NAME = ExpCustomMapAnnotations;
			};
			name = Release;
		};
/* End XCBuildConfiguration section */

/* Begin XCConfigurationList section */
		68F7AC11261626FF00708DDF /* Build configuration list for PBXProject "ExpCustomMapAnnotations" */ = {
			isa = XCConfigurationList;
			buildConfigurations = (
				68F7AC392616270200708DDF /* Debug */,
				68F7AC3A2616270200708DDF /* Release */,
			);
			defaultConfigurationIsVisible = 0;
			defaultConfigurationName = Release;
		};
		68F7AC3B2616270200708DDF /* Build configuration list for PBXNativeTarget "ExpCustomMapAnnotations" */ = {
			isa = XCConfigurationList;
			buildConfigurations = (
				68F7AC3C2616270200708DDF /* Debug */,
				68F7AC3D2616270200708DDF /* Release */,
			);
			defaultConfigurationIsVisible = 0;
			defaultConfigurationName = Release;
		};
		68F7AC3E2616270200708DDF /* Build configuration list for PBXNativeTarget "ExpCustomMapAnnotationsTests" */ = {
			isa = XCConfigurationList;
			buildConfigurations = (
				68F7AC3F2616270200708DDF /* Debug */,
				68F7AC402616270200708DDF /* Release */,
			);
			defaultConfigurationIsVisible = 0;
			defaultConfigurationName = Release;
		};
		68F7AC412616270200708DDF /* Build configuration list for PBXNativeTarget "ExpCustomMapAnnotationsUITests" */ = {
			isa = XCConfigurationList;
			buildConfigurations = (
				68F7AC422616270200708DDF /* Debug */,
				68F7AC432616270200708DDF /* Release */,
			);
			defaultConfigurationIsVisible = 0;
			defaultConfigurationName = Release;
		};
/* End XCConfigurationList section */
	};
	rootObject = 68F7AC0E261626FF00708DDF /* Project object */;
}
